
Microsoft Visual Studio Solution File, Format Version 11.00
# Visual Studio 2010
Project("{FAE04EC0-301F-11D3-BF4B-00C04F79EFBC}") = "NX7_Open_CS_Wizard2", "NX7_Open_CS_Wizard2\NX7_Open_CS_Wizard2.csproj", "{7BF13EDD-7B5A-4932-A792-D2BFB882C456}"
EndProject
Global
	GlobalSection(SolutionConfigurationPlatforms) = preSolution
		Debug|Any CPU = Debug|Any CPU
		Release|Any CPU = Release|Any CPU
	EndGlobalSection
	GlobalSection(ProjectConfigurationPlatforms) = postSolution
		{7BF13EDD-7B5A-4932-A792-D2BFB882C456}.Debug|Any CPU.ActiveCfg = Debug|Any CPU
		{7BF13EDD-7B5A-4932-A792-D2BFB882C456}.Debug|Any CPU.Build.0 = Debug|Any CPU
		{7BF13EDD-7B5A-4932-A792-D2BFB882C456}.Release|Any CPU.ActiveCfg = Release|Any CPU
		{7BF13EDD-7B5A-4932-A792-D2BFB882C456}.Release|Any CPU.Build.0 = Release|Any CPU
	EndGlobalSection
	GlobalSection(SolutionProperties) = preSolution
		HideSolutionNode = FALSE
	EndGlobalSection
EndGlobal
